
Microsoft Visual Studio Solution File, Format Version 12.00
# Visual Studio Version 17
VisualStudioVersion = 17.5.33530.505
MinimumVisualStudioVersion = 10.0.40219.1
Project("{9A19103F-16F7-4668-BE54-9A1E7A4F7556}") = "TextBlockInlinesWinUI3", "TextBlockInlinesWinUI3.csproj", "{EDF33CA3-19C0-4BD4-BE9C-D431ECDBB874}"
EndProject
Global
	GlobalSection(SolutionConfigurationPlatforms) = preSolution
		Debug|x64 = Debug|x64
		Release|x64 = Release|x64
	EndGlobalSection
	GlobalSection(ProjectConfigurationPlatforms) = postSolution
		{EDF33CA3-19C0-4BD4-BE9C-D431ECDBB874}.Debug|x64.ActiveCfg = Debug|x64
		{EDF33CA3-19C0-4BD4-BE9C-D431ECDBB874}.Debug|x64.Build.0 = Debug|x64
		{EDF33CA3-19C0-4BD4-BE9C-D431ECDBB874}.Debug|x64.Deploy.0 = Debug|x64
		{EDF33CA3-19C0-4BD4-BE9C-D431ECDBB874}.Release|x64.ActiveCfg = Release|x64
		{EDF33CA3-19C0-4BD4-BE9C-D431ECDBB874}.Release|x64.Build.0 = Release|x64
		{EDF33CA3-19C0-4BD4-BE9C-D431ECDBB874}.Release|x64.Deploy.0 = Release|x64
	EndGlobalSection
	GlobalSection(SolutionProperties) = preSolution
		HideSolutionNode = FALSE
	EndGlobalSection
	GlobalSection(ExtensibilityGlobals) = postSolution
		SolutionGuid = {3BB7555A-9026-4E2D-B629-F12270B19C7E}
	EndGlobalSection
EndGlobal
